
Microsoft Visual Studio Solution File, Format Version 12.00
# Visual Studio Version 18
VisualStudioVersion = 18.9.12120.119
MinimumVisualStudioVersion = 10.0.40219.1
Project("{FAE04EC0-301F-11D3-BF4B-00C04F79EFBC}") = "to-do-app", "to-do-app\to-do-app.csproj", "{A32911DC-0D0A-A2D2-6F00-5DEF93463557}"
EndProject
Global
	GlobalSection(SolutionConfigurationPlatforms) = preSolution
		Debug|Any CPU = Debug|Any CPU
		Release|Any CPU = Release|Any CPU
	EndGlobalSection
	GlobalSection(ProjectConfigurationPlatforms) = postSolution
		{A32911DC-0D0A-A2D2-6F00-5DEF93463557}.Debug|Any CPU.ActiveCfg = Debug|Any CPU
		{A32911DC-0D0A-A2D2-6F00-5DEF93463557}.Debug|Any CPU.Build.0 = Debug|Any CPU
		{A32911DC-0D0A-A2D2-6F00-5DEF93463557}.Release|Any CPU.ActiveCfg = Release|Any CPU
		{A32911DC-0D0A-A2D2-6F00-5DEF93463557}.Release|Any CPU.Build.0 = Release|Any CPU
	EndGlobalSection
	GlobalSection(SolutionProperties) = preSolution
		HideSolutionNode = FALSE
	EndGlobalSection
	GlobalSection(ExtensibilityGlobals) = postSolution
		SolutionGuid = {A756ADEF-88B9-4E08-A86D-DB8EAA07222B}
	EndGlobalSection
EndGlobal
