
Microsoft Visual Studio Solution File, Format Version 12.00
# Visual Studio Version 18
VisualStudioVersion = 18.9.12120.119
MinimumVisualStudioVersion = 10.0.40219.1
Project("{FAE04EC0-301F-11D3-BF4B-00C04F79EFBC}") = "ObservableCollection_Practice", "ObservableCollection_Practice\ObservableCollection_Practice.csproj", "{FD51687B-C521-527F-6807-CBE1FD487D25}"
EndProject
Global
	GlobalSection(SolutionConfigurationPlatforms) = preSolution
		Debug|Any CPU = Debug|Any CPU
		Release|Any CPU = Release|Any CPU
	EndGlobalSection
	GlobalSection(ProjectConfigurationPlatforms) = postSolution
		{FD51687B-C521-527F-6807-CBE1FD487D25}.Debug|Any CPU.ActiveCfg = Debug|Any CPU
		{FD51687B-C521-527F-6807-CBE1FD487D25}.Debug|Any CPU.Build.0 = Debug|Any CPU
		{FD51687B-C521-527F-6807-CBE1FD487D25}.Release|Any CPU.ActiveCfg = Release|Any CPU
		{FD51687B-C521-527F-6807-CBE1FD487D25}.Release|Any CPU.Build.0 = Release|Any CPU
	EndGlobalSection
	GlobalSection(SolutionProperties) = preSolution
		HideSolutionNode = FALSE
	EndGlobalSection
	GlobalSection(ExtensibilityGlobals) = postSolution
		SolutionGuid = {24FEDA39-1298-4BA8-BE55-7106E2C19BC1}
	EndGlobalSection
EndGlobal
